
Microsoft Visual Studio Solution File, Format Version 12.00
# Visual Studio Version 17
VisualStudioVersion = 17.3.32825.248
MinimumVisualStudioVersion = 10.0.40219.1
Project("{FAE04EC0-301F-11D3-BF4B-00C04F79EFBC}") = "ProjetoEstudo3", "ProjetoEstudo3\ProjetoEstudo3.csproj", "{6BC8D134-4A7F-43ED-AD84-10C9C67DB562}"
EndProject
Global
	GlobalSection(SolutionConfigurationPlatforms) = preSolution
		Debug|Any CPU = Debug|Any CPU
		Release|Any CPU = Release|Any CPU
	EndGlobalSection
	GlobalSection(ProjectConfigurationPlatforms) = postSolution
		{6BC8D134-4A7F-43ED-AD84-10C9C67DB562}.Debug|Any CPU.ActiveCfg = Debug|Any CPU
		{6BC8D134-4A7F-43ED-AD84-10C9C67DB562}.Debug|Any CPU.Build.0 = Debug|Any CPU
		{6BC8D134-4A7F-43ED-AD84-10C9C67DB562}.Release|Any CPU.ActiveCfg = Release|Any CPU
		{6BC8D134-4A7F-43ED-AD84-10C9C67DB562}.Release|Any CPU.Build.0 = Release|Any CPU
	EndGlobalSection
	GlobalSection(SolutionProperties) = preSolution
		HideSolutionNode = FALSE
	EndGlobalSection
	GlobalSection(ExtensibilityGlobals) = postSolution
		SolutionGuid = {D38BC7FF-12DA-430A-8707-5F7A09EC0811}
	EndGlobalSection
EndGlobal
