
Microsoft Visual Studio Solution File, Format Version 12.00
# Visual Studio Version 17
VisualStudioVersion = 17.3.32825.248
MinimumVisualStudioVersion = 10.0.40219.1
Project("{FAE04EC0-301F-11D3-BF4B-00C04F79EFBC}") = "ConsoleApp1", "ConsoleApp1\ConsoleApp1.csproj", "{C171B680-1224-4214-B13E-B15CBE5BA648}"
EndProject
Global
	GlobalSection(SolutionConfigurationPlatforms) = preSolution
		Debug|Any CPU = Debug|Any CPU
		Release|Any CPU = Release|Any CPU
	EndGlobalSection
	GlobalSection(ProjectConfigurationPlatforms) = postSolution
		{C171B680-1224-4214-B13E-B15CBE5BA648}.Debug|Any CPU.ActiveCfg = Debug|Any CPU
		{C171B680-1224-4214-B13E-B15CBE5BA648}.Debug|Any CPU.Build.0 = Debug|Any CPU
		{C171B680-1224-4214-B13E-B15CBE5BA648}.Release|Any CPU.ActiveCfg = Release|Any CPU
		{C171B680-1224-4214-B13E-B15CBE5BA648}.Release|Any CPU.Build.0 = Release|Any CPU
	EndGlobalSection
	GlobalSection(SolutionProperties) = preSolution
		HideSolutionNode = FALSE
	EndGlobalSection
	GlobalSection(ExtensibilityGlobals) = postSolution
		SolutionGuid = {E3B242F1-7AAE-4A12-8F9E-215504DBD91A}
	EndGlobalSection
EndGlobal
